[[package]]
name = "colorama"
version = "0.4.4"
description = "Cross-platform colored terminal text."
category = "main"
optional = false
python-versions = ">=2.7, !=3.0.*, !=3.1.*, !=3.2.*, !=3.3.*, !=3.4.*"

[[package]]
name = "commonmark"
version = "0.9.1"
description = "Python parser for the CommonMark Markdown spec"
category = "main"
optional = false
python-versions = "*"

[package.extras]
test = ["flake8 (==3.7.8)", "hypothesis (==3.55.3)"]

[[package]]
name = "psutil"
version = "5.9.0"
description = "Cross-platform lib for process and system monitoring in Python."
category = "main"
optional = false
python-versions = ">=2.6, !=3.0.*, !=3.1.*, !=3.2.*, !=3.3.*"

[package.extras]
test = ["ipaddress", "mock", "unittest2", "enum34", "pywin32", "wmi"]

[[package]]
name = "py-cpuinfo"
version = "8.0.0"
description = "Get CPU info with pure Python 2 & 3"
category = "main"
optional = false
python-versions = "*"

[[package]]
name = "pygments"
version = "2.11.2"
description = "Pygments is a syntax highlighting package written in Python."
category = "main"
optional = false
python-versions = ">=3.5"

[[package]]
name = "pywin32"
version = "303"
description = "Python for Window Extensions"
category = "main"
optional = false
python-versions = "*"

[[package]]
name = "rich"
version = "10.16.2"
description = "Render rich text, tables, progress bars, syntax highlighting, markdown and more to the terminal"
category = "main"
optional = false
python-versions = ">=3.6.2,<4.0.0"

[package.dependencies]
colorama = ">=0.4.0,<0.5.0"
commonmark = ">=0.9.0,<0.10.0"
pygments = ">=2.6.0,<3.0.0"

[package.extras]
jupyter = ["ipywidgets (>=7.5.1,<8.0.0)"]

[[package]]
name = "wmi"
version = "1.5.1"
description = "Windows Management Instrumentation"
category = "main"
optional = false
python-versions = "*"

[package.dependencies]
pywin32 = "*"

[package.extras]
all = ["pytest", "wheel", "twine", "sphinx"]
dev = ["pytest", "sphinx", "wheel", "twine"]
docs = ["sphinx"]
package = ["wheel", "twine"]
tests = ["pytest"]

[metadata]
lock-version = "1.1"
python-versions = "^3.8"
content-hash = "154d868505c033f23f2e8823da917f2945ece760fcd296cd0be89bc2cfa5d41c"

[metadata.files]
colorama = [
    {file = "colorama-0.4.4-py2.py3-none-any.whl", hash = "sha256:9f47eda37229f68eee03b24b9748937c7dc3868f906e8ba69fbcbdd3bc5dc3e2"},
    {file = "colorama-0.4.4.tar.gz", hash = "sha256:5941b2b48a20143d2267e95b1c2a7603ce057ee39fd88e7329b0c292aa16869b"},
]
commonmark = [
    {file = "commonmark-0.9.1-py2.py3-none-any.whl", hash = "sha256:da2f38c92590f83de410ba1a3cbceafbc74fee9def35f9251ba9a971d6d66fd9"},
    {file = "commonmark-0.9.1.tar.gz", hash = "sha256:452f9dc859be7f06631ddcb328b6919c67984aca654e5fefb3914d54691aed60"},
]
psutil = [
    {file = "psutil-5.9.0-cp27-cp27m-manylinux2010_i686.whl", hash = "sha256:55ce319452e3d139e25d6c3f85a1acf12d1607ddedea5e35fb47a552c051161b"},
    {file = "psutil-5.9.0-cp27-cp27m-manylinux2010_x86_64.whl", hash = "sha256:7336292a13a80eb93c21f36bde4328aa748a04b68c13d01dfddd67fc13fd0618"},
    {file = "psutil-5.9.0-cp27-cp27mu-manylinux2010_i686.whl", hash = "sha256:cb8d10461c1ceee0c25a64f2dd54872b70b89c26419e147a05a10b753ad36ec2"},
    {file = "psutil-5.9.0-cp27-cp27mu-manylinux2010_x86_64.whl", hash = "sha256:7641300de73e4909e5d148e90cc3142fb890079e1525a840cf0dfd39195239fd"},
    {file = "psutil-5.9.0-cp27-none-win32.whl", hash = "sha256:ea42d747c5f71b5ccaa6897b216a7dadb9f52c72a0fe2b872ef7d3e1eacf3ba3"},
    {file = "psutil-5.9.0-cp27-none-win_amd64.whl", hash = "sha256:ef216cc9feb60634bda2f341a9559ac594e2eeaadd0ba187a4c2eb5b5d40b91c"},
    {file = "psutil-5.9.0-cp310-cp310-macosx_10_9_x86_64.whl", hash = "sha256:90a58b9fcae2dbfe4ba852b57bd4a1dded6b990a33d6428c7614b7d48eccb492"},
    {file = "psutil-5.9.0-cp310-cp310-manylinux_2_12_i686.manylinux2010_i686.manylinux_2_17_i686.manylinux2014_i686.whl", hash = "sha256:ff0d41f8b3e9ebb6b6110057e40019a432e96aae2008951121ba4e56040b84f3"},
    {file = "psutil-5.9.0-cp310-cp310-manylinux_2_12_x86_64.manylinux2010_x86_64.manylinux_2_17_x86_64.manylinux2014_x86_64.whl", hash = "sha256:742c34fff804f34f62659279ed5c5b723bb0195e9d7bd9907591de9f8f6558e2"},
    {file = "psutil-5.9.0-cp310-cp310-win32.whl", hash = "sha256:8293942e4ce0c5689821f65ce6522ce4786d02af57f13c0195b40e1edb1db61d"},
    {file = "psutil-5.9.0-cp310-cp310-win_amd64.whl", hash = "sha256:9b51917c1af3fa35a3f2dabd7ba96a2a4f19df3dec911da73875e1edaf22a40b"},
    {file = "psutil-5.9.0-cp36-cp36m-macosx_10_9_x86_64.whl", hash = "sha256:e9805fed4f2a81de98ae5fe38b75a74c6e6ad2df8a5c479594c7629a1fe35f56"},
    {file = "psutil-5.9.0-cp36-cp36m-manylinux_2_12_i686.manylinux2010_i686.manylinux_2_17_i686.manylinux2014_i686.whl", hash = "sha256:c51f1af02334e4b516ec221ee26b8fdf105032418ca5a5ab9737e8c87dafe203"},
    {file = "psutil-5.9.0-cp36-cp36m-manylinux_2_12_x86_64.manylinux2010_x86_64.manylinux_2_17_x86_64.manylinux2014_x86_64.whl", hash = "sha256:32acf55cb9a8cbfb29167cd005951df81b567099295291bcfd1027365b36591d"},
    {file = "psutil-5.9.0-cp36-cp36m-win32.whl", hash = "sha256:e5c783d0b1ad6ca8a5d3e7b680468c9c926b804be83a3a8e95141b05c39c9f64"},
    {file = "psutil-5.9.0-cp36-cp36m-win_amd64.whl", hash = "sha256:d62a2796e08dd024b8179bd441cb714e0f81226c352c802fca0fd3f89eeacd94"},
    {file = "psutil-5.9.0-cp37-cp37m-macosx_10_9_x86_64.whl", hash = "sha256:3d00a664e31921009a84367266b35ba0aac04a2a6cad09c550a89041034d19a0"},
    {file = "psutil-5.9.0-cp37-cp37m-manylinux_2_12_i686.manylinux2010_i686.manylinux_2_17_i686.manylinux2014_i686.whl", hash = "sha256:7779be4025c540d1d65a2de3f30caeacc49ae7a2152108adeaf42c7534a115ce"},
    {file = "psutil-5.9.0-cp37-cp37m-manylinux_2_12_x86_64.manylinux2010_x86_64.manylinux_2_17_x86_64.manylinux2014_x86_64.whl", hash = "sha256:072664401ae6e7c1bfb878c65d7282d4b4391f1bc9a56d5e03b5a490403271b5"},
    {file = "psutil-5.9.0-cp37-cp37m-win32.whl", hash = "sha256:df2c8bd48fb83a8408c8390b143c6a6fa10cb1a674ca664954de193fdcab36a9"},
    {file = "psutil-5.9.0-cp37-cp37m-win_amd64.whl", hash = "sha256:1d7b433519b9a38192dfda962dd8f44446668c009833e1429a52424624f408b4"},
    {file = "psutil-5.9.0-cp38-cp38-macosx_10_9_x86_64.whl", hash = "sha256:c3400cae15bdb449d518545cbd5b649117de54e3596ded84aacabfbb3297ead2"},
    {file = "psutil-5.9.0-cp38-cp38-manylinux_2_12_i686.manylinux2010_i686.manylinux_2_17_i686.manylinux2014_i686.whl", hash = "sha256:b2237f35c4bbae932ee98902a08050a27821f8f6dfa880a47195e5993af4702d"},
    {file = "psutil-5.9.0-cp38-cp38-manylinux_2_12_x86_64.manylinux2010_x86_64.manylinux_2_17_x86_64.manylinux2014_x86_64.whl", hash = "sha256:1070a9b287846a21a5d572d6dddd369517510b68710fca56b0e9e02fd24bed9a"},
    {file = "psutil-5.9.0-cp38-cp38-win32.whl", hash = "sha256:76cebf84aac1d6da5b63df11fe0d377b46b7b500d892284068bacccf12f20666"},
    {file = "psutil-5.9.0-cp38-cp38-win_amd64.whl", hash = "sha256:3151a58f0fbd8942ba94f7c31c7e6b310d2989f4da74fcbf28b934374e9bf841"},
    {file = "psutil-5.9.0-cp39-cp39-macosx_10_9_x86_64.whl", hash = "sha256:539e429da49c5d27d5a58e3563886057f8fc3868a5547b4f1876d9c0f007bccf"},
    {file = "psutil-5.9.0-cp39-cp39-manylinux_2_12_i686.manylinux2010_i686.manylinux_2_17_i686.manylinux2014_i686.whl", hash = "sha256:58c7d923dc209225600aec73aa2c4ae8ea33b1ab31bc11ef8a5933b027476f07"},
    {file = "psutil-5.9.0-cp39-cp39-manylinux_2_12_x86_64.manylinux2010_x86_64.manylinux_2_17_x86_64.manylinux2014_x86_64.whl", hash = "sha256:3611e87eea393f779a35b192b46a164b1d01167c9d323dda9b1e527ea69d697d"},
    {file = "psutil-5.9.0-cp39-cp39-win32.whl", hash = "sha256:4e2fb92e3aeae3ec3b7b66c528981fd327fb93fd906a77215200404444ec1845"},
    {file = "psutil-5.9.0-cp39-cp39-win_amd64.whl", hash = "sha256:7d190ee2eaef7831163f254dc58f6d2e2a22e27382b936aab51c835fc080c3d3"},
    {file = "psutil-5.9.0.tar.gz", hash = "sha256:869842dbd66bb80c3217158e629d6fceaecc3a3166d3d1faee515b05dd26ca25"},
]
py-cpuinfo = [
    {file = "py-cpuinfo-8.0.0.tar.gz", hash = "sha256:5f269be0e08e33fd959de96b34cd4aeeeacac014dd8305f70eb28d06de2345c5"},
]
pygments = [
    {file = "Pygments-2.11.2-py3-none-any.whl", hash = "sha256:44238f1b60a76d78fc8ca0528ee429702aae011c265fe6a8dd8b63049ae41c65"},
    {file = "Pygments-2.11.2.tar.gz", hash = "sha256:4e426f72023d88d03b2fa258de560726ce890ff3b630f88c21cbb8b2503b8c6a"},
]
pywin32 = [
    {file = "pywin32-303-cp310-cp310-win32.whl", hash = "sha256:6fed4af057039f309263fd3285d7b8042d41507343cd5fa781d98fcc5b90e8bb"},
    {file = "pywin32-303-cp310-cp310-win_amd64.whl", hash = "sha256:51cb52c5ec6709f96c3f26e7795b0bf169ee0d8395b2c1d7eb2c029a5008ed51"},
    {file = "pywin32-303-cp311-cp311-win32.whl", hash = "sha256:d9b5d87ca944eb3aa4cd45516203ead4b37ab06b8b777c54aedc35975dec0dee"},
    {file = "pywin32-303-cp311-cp311-win_amd64.whl", hash = "sha256:fcf44032f5b14fcda86028cdf49b6ebdaea091230eb0a757282aa656e4732439"},
    {file = "pywin32-303-cp36-cp36m-win32.whl", hash = "sha256:aad484d52ec58008ca36bd4ad14a71d7dd0a99db1a4ca71072213f63bf49c7d9"},
    {file = "pywin32-303-cp36-cp36m-win_amd64.whl", hash = "sha256:2a09632916b6bb231ba49983fe989f2f625cea237219530e81a69239cd0c4559"},
    {file = "pywin32-303-cp37-cp37m-win32.whl", hash = "sha256:b1675d82bcf6dbc96363fca747bac8bff6f6e4a447a4287ac652aa4b9adc796e"},
    {file = "pywin32-303-cp37-cp37m-win_amd64.whl", hash = "sha256:c268040769b48a13367221fced6d4232ed52f044ffafeda247bd9d2c6bdc29ca"},
    {file = "pywin32-303-cp38-cp38-win32.whl", hash = "sha256:5f9ec054f5a46a0f4dfd72af2ce1372f3d5a6e4052af20b858aa7df2df7d355b"},
    {file = "pywin32-303-cp38-cp38-win_amd64.whl", hash = "sha256:793bf74fce164bcffd9d57bb13c2c15d56e43c9542a7b9687b4fccf8f8a41aba"},
    {file = "pywin32-303-cp39-cp39-win32.whl", hash = "sha256:7d3271c98434617a11921c5ccf74615794d97b079e22ed7773790822735cc352"},
    {file = "pywin32-303-cp39-cp39-win_amd64.whl", hash = "sha256:79cbb862c11b9af19bcb682891c1b91942ec2ff7de8151e2aea2e175899cda34"},
]
rich = [
    {file = "rich-10.16.2-py3-none-any.whl", hash = "sha256:c59d73bd804c90f747c8d7b1d023b88f2a9ac2454224a4aeaf959b21eeb42d03"},
    {file = "rich-10.16.2.tar.gz", hash = "sha256:720974689960e06c2efdb54327f8bf0cdbdf4eae4ad73b6c94213cad405c371b"},
]
wmi = [
    {file = "WMI-1.5.1-py2.py3-none-any.whl", hash = "sha256:1d6b085e5c445141c475476000b661f60fff1aaa19f76bf82b7abb92e0ff4942"},
    {file = "WMI-1.5.1.tar.gz", hash = "sha256:b6a6be5711b1b6c8d55bda7a8befd75c48c12b770b9d227d31c1737dbf0d40a6"},
]
